
Microsoft Visual Studio Solution File, Format Version 12.00
# Visual Studio Version 17
VisualStudioVersion = 17.5.002.0
MinimumVisualStudioVersion = 10.0.40219.1
Project("{9A19103F-16F7-4668-BE54-9A1E7A4F7556}") = "CodeBlocks", "CodeBlocks\CodeBlocks.csproj", "{5A36D601-E1E8-44F8-9B4E-83EE80770C24}"
EndProject
Global
	GlobalSection(SolutionConfigurationPlatforms) = preSolution
		Debug|Any CPU = Debug|Any CPU
		Release|Any CPU = Release|Any CPU
	EndGlobalSection
	GlobalSection(ProjectConfigurationPlatforms) = postSolution
		{5A36D601-E1E8-44F8-9B4E-83EE80770C24}.Debug|Any CPU.ActiveCfg = Debug|Any CPU
		{5A36D601-E1E8-44F8-9B4E-83EE80770C24}.Debug|Any CPU.Build.0 = Debug|Any CPU
		{5A36D601-E1E8-44F8-9B4E-83EE80770C24}.Release|Any CPU.ActiveCfg = Release|Any CPU
		{5A36D601-E1E8-44F8-9B4E-83EE80770C24}.Release|Any CPU.Build.0 = Release|Any CPU
	EndGlobalSection
	GlobalSection(SolutionProperties) = preSolution
		HideSolutionNode = FALSE
	EndGlobalSection
	GlobalSection(ExtensibilityGlobals) = postSolution
		SolutionGuid = {9CDE397B-D9B6-4A5F-B1D4-C2CF8B32E359}
	EndGlobalSection
EndGlobal
