
Microsoft Visual Studio Solution File, Format Version 12.00
# Visual Studio Version 17
VisualStudioVersion = 17.5.002.0
MinimumVisualStudioVersion = 10.0.40219.1
Project("{9A19103F-16F7-4668-BE54-9A1E7A4F7556}") = "Students", "Students\Students.csproj", "{DCF20065-1975-47BD-A166-87EDA10C7AB3}"
EndProject
Global
	GlobalSection(SolutionConfigurationPlatforms) = preSolution
		Debug|Any CPU = Debug|Any CPU
		Release|Any CPU = Release|Any CPU
	EndGlobalSection
	GlobalSection(ProjectConfigurationPlatforms) = postSolution
		{DCF20065-1975-47BD-A166-87EDA10C7AB3}.Debug|Any CPU.ActiveCfg = Debug|Any CPU
		{DCF20065-1975-47BD-A166-87EDA10C7AB3}.Debug|Any CPU.Build.0 = Debug|Any CPU
		{DCF20065-1975-47BD-A166-87EDA10C7AB3}.Release|Any CPU.ActiveCfg = Release|Any CPU
		{DCF20065-1975-47BD-A166-87EDA10C7AB3}.Release|Any CPU.Build.0 = Release|Any CPU
	EndGlobalSection
	GlobalSection(SolutionProperties) = preSolution
		HideSolutionNode = FALSE
	EndGlobalSection
	GlobalSection(ExtensibilityGlobals) = postSolution
		SolutionGuid = {7D35C34A-17F5-43CB-9B42-C3E04E4B2317}
	EndGlobalSection
EndGlobal
