
Microsoft Visual Studio Solution File, Format Version 12.00
# Visual Studio Version 17
VisualStudioVersion = 17.5.002.0
MinimumVisualStudioVersion = 10.0.40219.1
Project("{9A19103F-16F7-4668-BE54-9A1E7A4F7556}") = "ReverseSentence", "ReverseSentence\ReverseSentence.csproj", "{4DF37A1F-483C-4875-866D-CB8EA2AF2D5E}"
EndProject
Global
	GlobalSection(SolutionConfigurationPlatforms) = preSolution
		Debug|Any CPU = Debug|Any CPU
		Release|Any CPU = Release|Any CPU
	EndGlobalSection
	GlobalSection(ProjectConfigurationPlatforms) = postSolution
		{4DF37A1F-483C-4875-866D-CB8EA2AF2D5E}.Debug|Any CPU.ActiveCfg = Debug|Any CPU
		{4DF37A1F-483C-4875-866D-CB8EA2AF2D5E}.Debug|Any CPU.Build.0 = Debug|Any CPU
		{4DF37A1F-483C-4875-866D-CB8EA2AF2D5E}.Release|Any CPU.ActiveCfg = Release|Any CPU
		{4DF37A1F-483C-4875-866D-CB8EA2AF2D5E}.Release|Any CPU.Build.0 = Release|Any CPU
	EndGlobalSection
	GlobalSection(SolutionProperties) = preSolution
		HideSolutionNode = FALSE
	EndGlobalSection
	GlobalSection(ExtensibilityGlobals) = postSolution
		SolutionGuid = {68AE4BBA-D925-4F7C-9153-D9867EAC6330}
	EndGlobalSection
EndGlobal
