
Microsoft Visual Studio Solution File, Format Version 12.00
# Visual Studio Version 17
VisualStudioVersion = 17.5.002.0
MinimumVisualStudioVersion = 10.0.40219.1
Project("{9A19103F-16F7-4668-BE54-9A1E7A4F7556}") = "HTML", "HTML\HTML.csproj", "{91D7181F-2408-4531-9120-52B1363C53EE}"
EndProject
Global
	GlobalSection(SolutionConfigurationPlatforms) = preSolution
		Debug|Any CPU = Debug|Any CPU
		Release|Any CPU = Release|Any CPU
	EndGlobalSection
	GlobalSection(ProjectConfigurationPlatforms) = postSolution
		{91D7181F-2408-4531-9120-52B1363C53EE}.Debug|Any CPU.ActiveCfg = Debug|Any CPU
		{91D7181F-2408-4531-9120-52B1363C53EE}.Debug|Any CPU.Build.0 = Debug|Any CPU
		{91D7181F-2408-4531-9120-52B1363C53EE}.Release|Any CPU.ActiveCfg = Release|Any CPU
		{91D7181F-2408-4531-9120-52B1363C53EE}.Release|Any CPU.Build.0 = Release|Any CPU
	EndGlobalSection
	GlobalSection(SolutionProperties) = preSolution
		HideSolutionNode = FALSE
	EndGlobalSection
	GlobalSection(ExtensibilityGlobals) = postSolution
		SolutionGuid = {4F21E104-1C20-4306-9989-5D7DD900682B}
	EndGlobalSection
EndGlobal
