
Microsoft Visual Studio Solution File, Format Version 12.00
# Visual Studio Version 17
VisualStudioVersion = 17.5.002.0
MinimumVisualStudioVersion = 10.0.40219.1
Project("{9A19103F-16F7-4668-BE54-9A1E7A4F7556}") = "Conversion", "Conversion\Conversion.csproj", "{2B3254E3-A3FC-4B34-955E-CBBDF6DD0194}"
EndProject
Global
	GlobalSection(SolutionConfigurationPlatforms) = preSolution
		Debug|Any CPU = Debug|Any CPU
		Release|Any CPU = Release|Any CPU
	EndGlobalSection
	GlobalSection(ProjectConfigurationPlatforms) = postSolution
		{2B3254E3-A3FC-4B34-955E-CBBDF6DD0194}.Debug|Any CPU.ActiveCfg = Debug|Any CPU
		{2B3254E3-A3FC-4B34-955E-CBBDF6DD0194}.Debug|Any CPU.Build.0 = Debug|Any CPU
		{2B3254E3-A3FC-4B34-955E-CBBDF6DD0194}.Release|Any CPU.ActiveCfg = Release|Any CPU
		{2B3254E3-A3FC-4B34-955E-CBBDF6DD0194}.Release|Any CPU.Build.0 = Release|Any CPU
	EndGlobalSection
	GlobalSection(SolutionProperties) = preSolution
		HideSolutionNode = FALSE
	EndGlobalSection
	GlobalSection(ExtensibilityGlobals) = postSolution
		SolutionGuid = {7CE1F7F1-59E2-4889-B2B4-BB54815A5996}
	EndGlobalSection
EndGlobal
