
Microsoft Visual Studio Solution File, Format Version 12.00
# Visual Studio Version 17
VisualStudioVersion = 17.5.002.0
MinimumVisualStudioVersion = 10.0.40219.1
Project("{9A19103F-16F7-4668-BE54-9A1E7A4F7556}") = "Pets", "Pets\Pets.csproj", "{01AD9A8B-FF84-43CF-8CAE-221A553B642D}"
EndProject
Global
	GlobalSection(SolutionConfigurationPlatforms) = preSolution
		Debug|Any CPU = Debug|Any CPU
		Release|Any CPU = Release|Any CPU
	EndGlobalSection
	GlobalSection(ProjectConfigurationPlatforms) = postSolution
		{01AD9A8B-FF84-43CF-8CAE-221A553B642D}.Debug|Any CPU.ActiveCfg = Debug|Any CPU
		{01AD9A8B-FF84-43CF-8CAE-221A553B642D}.Debug|Any CPU.Build.0 = Debug|Any CPU
		{01AD9A8B-FF84-43CF-8CAE-221A553B642D}.Release|Any CPU.ActiveCfg = Release|Any CPU
		{01AD9A8B-FF84-43CF-8CAE-221A553B642D}.Release|Any CPU.Build.0 = Release|Any CPU
	EndGlobalSection
	GlobalSection(SolutionProperties) = preSolution
		HideSolutionNode = FALSE
	EndGlobalSection
	GlobalSection(ExtensibilityGlobals) = postSolution
		SolutionGuid = {7EDDAED0-44E2-4471-A002-9330E9370FA2}
	EndGlobalSection
EndGlobal
